
Microsoft Visual Studio Solution File, Format Version 12.00
# Visual Studio 15
VisualStudioVersion = 15.0.28307.106
MinimumVisualStudioVersion = 10.0.40219.1
Project("{9A19103F-16F7-4668-BE54-9A1E7A4F7556}") = "Book.Contract", "Book.Contract\Book.Contract.csproj", "{436068B4-B750-40C5-94E4-085A1B7FA5C6}"
EndProject
Project("{9A19103F-16F7-4668-BE54-9A1E7A4F7556}") = "Book.Host", "Book.Host\Book.Host.csproj", "{BBBD6D8D-A22E-4A18-9DAB-8CA22014803A}"
EndProject
Project("{9A19103F-16F7-4668-BE54-9A1E7A4F7556}") = "Book.Client", "Book.Client\Book.Client.csproj", "{0843D218-4C31-4D0E-8393-6671872BAF36}"
EndProject
Global
	GlobalSection(SolutionConfigurationPlatforms) = preSolution
		Debug|Any CPU = Debug|Any CPU
		Release|Any CPU = Release|Any CPU
	EndGlobalSection
	GlobalSection(ProjectConfigurationPlatforms) = postSolution
		{436068B4-B750-40C5-94E4-085A1B7FA5C6}.Debug|Any CPU.ActiveCfg = Debug|Any CPU
		{436068B4-B750-40C5-94E4-085A1B7FA5C6}.Debug|Any CPU.Build.0 = Debug|Any CPU
		{436068B4-B750-40C5-94E4-085A1B7FA5C6}.Release|Any CPU.ActiveCfg = Release|Any CPU
		{436068B4-B750-40C5-94E4-085A1B7FA5C6}.Release|Any CPU.Build.0 = Release|Any CPU
		{BBBD6D8D-A22E-4A18-9DAB-8CA22014803A}.Debug|Any CPU.ActiveCfg = Debug|Any CPU
		{BBBD6D8D-A22E-4A18-9DAB-8CA22014803A}.Debug|Any CPU.Build.0 = Debug|Any CPU
		{BBBD6D8D-A22E-4A18-9DAB-8CA22014803A}.Release|Any CPU.ActiveCfg = Release|Any CPU
		{BBBD6D8D-A22E-4A18-9DAB-8CA22014803A}.Release|Any CPU.Build.0 = Release|Any CPU
		{0843D218-4C31-4D0E-8393-6671872BAF36}.Debug|Any CPU.ActiveCfg = Debug|Any CPU
		{0843D218-4C31-4D0E-8393-6671872BAF36}.Debug|Any CPU.Build.0 = Debug|Any CPU
		{0843D218-4C31-4D0E-8393-6671872BAF36}.Release|Any CPU.ActiveCfg = Release|Any CPU
		{0843D218-4C31-4D0E-8393-6671872BAF36}.Release|Any CPU.Build.0 = Release|Any CPU
	EndGlobalSection
	GlobalSection(SolutionProperties) = preSolution
		HideSolutionNode = FALSE
	EndGlobalSection
	GlobalSection(ExtensibilityGlobals) = postSolution
		SolutionGuid = {33D3C1C8-FF5A-4CBA-A20D-DACE0A7C85A8}
	EndGlobalSection
EndGlobal
